{
  "requires": true,
  "lockfileVersion": 1,
  "dependencies": {
    "@webassemblyjs/ast": {
      "version": "1.7.5",
      "resolved": "https://registry.npmjs.org/@webassemblyjs/ast/-/ast-1.7.5.tgz",
      "integrity": "sha512-etszn0WD5aoHJpAB5BCHsChOasq1oUCJEbKpT0oMTOQrc9/aRoWWktq42OoiUSAy4JfcsRaTIdcZI9GXtN63Kg==",
      "requires": {
        "@webassemblyjs/helper-module-context": "1.7.5",
        "@webassemblyjs/helper-wasm-bytecode": "1.7.5",
        "@webassemblyjs/wast-parser": "1.7.5",
        "mamacro": "0.0.3"
      },
      "dependencies": {
        "@webassemblyjs/floating-point-hex-parser": {
          "version": "1.7.5",
          "resolved": "https://registry.npmjs.org/@webassemblyjs/floating-point-hex-parser/-/floating-point-hex-parser-1.7.5.tgz",
          "integrity": "sha512-rdu5UtrldY9r2O5lM67/591d771wwKPr4pEbrBPnEhysVoXf2h0zNCNjBzC7nz+wf7CZzE6Wqiffkpjz6ATqZA=="
        },
        "@webassemblyjs/helper-code-frame": {
          "version": "1.7.5",
          "resolved": "https://registry.npmjs.org/@webassemblyjs/helper-code-frame/-/helper-code-frame-1.7.5.tgz",
          "integrity": "sha512-ST8yRrPbYBMa0b27N0EP7/vO2oQYj1gARAQdN9qVrWK8xFoYGNhmHdJR2dclRuEzshTMwplFzPCZiWimJE0OOA==",
          "requires": {
            "@webassemblyjs/wast-printer": "1.7.5"
          }
        },
        "@webassemblyjs/helper-fsm": {
          "version": "1.7.5",
          "resolved": "https://registry.npmjs.org/@webassemblyjs/helper-fsm/-/helper-fsm-1.7.5.tgz",
          "integrity": "sha512-9DmWWQEC0s/NEZJWbnPgbP+KQwIFQ7PCe99nizHjyPw1K9IeXea/DGmqrE+bA7Ac4TyyU7tpdRo+DyxUsSzFxw=="
        },
        "@webassemblyjs/helper-wasm-bytecode": {
          "version": "1.7.5",
          "resolved": "https://registry.npmjs.org/@webassemblyjs/helper-wasm-bytecode/-/helper-wasm-bytecode-1.7.5.tgz",
          "integrity": "sha512-o0qj4LE1JlRqD51lzLmngmVpBU0+MGIi6wl2F2c6nm6PZdhUtJhMntfdkTeSGQ3DEoGdJXLYBpcOVHVgqemazg=="
        },
        "@webassemblyjs/wast-parser": {
          "version": "1.7.5",
          "resolved": "https://registry.npmjs.org/@webassemblyjs/wast-parser/-/wast-parser-1.7.5.tgz",
          "integrity": "sha512-m9NTBYM3W+WNLb08AZPOG5gN0AamjRkghqHkJXvWNC4ct4sTuhlsBwzwzZdkB2tHD7hp036Ogt8P2JfMSlMutg==",
          "requires": {
            "@webassemblyjs/ast": "1.7.5",
            "@webassemblyjs/floating-point-hex-parser": "1.7.5",
            "@webassemblyjs/helper-api-error": "1.7.5",
            "@webassemblyjs/helper-code-frame": "1.7.5",
            "@webassemblyjs/helper-fsm": "1.7.5",
            "@xtuc/long": "4.2.1",
            "mamacro": "0.0.3"
          }
        },
        "@webassemblyjs/wast-printer": {
          "version": "1.7.5",
          "resolved": "https://registry.npmjs.org/@webassemblyjs/wast-printer/-/wast-printer-1.7.5.tgz",
          "integrity": "sha512-V5oz/QGFnjDOYXbmY0SAkXqKTMgiHYPmmVQtyEpdajkL+xrRNdasOCBCZR/Bl3KXX+R++VE3jVWgzA6zVcfNaQ==",
          "requires": {
            "@webassemblyjs/ast": "1.7.5",
            "@webassemblyjs/wast-parser": "1.7.5",
            "@xtuc/long": "4.2.1"
          }
        }
      }
    },
    "@webassemblyjs/floating-point-hex-parser": {
      "version": "1.7.5",
      "resolved": "https://registry.npmjs.org/@webassemblyjs/floating-point-hex-parser/-/floating-point-hex-parser-1.7.5.tgz",
      "integrity": "sha512-rdu5UtrldY9r2O5lM67/591d771wwKPr4pEbrBPnEhysVoXf2h0zNCNjBzC7nz+wf7CZzE6Wqiffkpjz6ATqZA=="
    },
    "@webassemblyjs/helper-api-error": {
      "version": "1.7.5",
      "resolved": "https://registry.npmjs.org/@webassemblyjs/helper-api-error/-/helper-api-error-1.7.5.tgz",
      "integrity": "sha512-nhv6diC6hOGCLgUX28Dtvy4gWjDkpsUDwBy/z0VX5mfpa2O7HoM5k8I6FV1V5NgcwSuHNnKUvxzajIiSBXaOhQ=="
    },
    "@webassemblyjs/helper-code-frame": {
      "version": "1.7.5",
      "resolved": "https://registry.npmjs.org/@webassemblyjs/helper-code-frame/-/helper-code-frame-1.7.5.tgz",
      "integrity": "sha512-ST8yRrPbYBMa0b27N0EP7/vO2oQYj1gARAQdN9qVrWK8xFoYGNhmHdJR2dclRuEzshTMwplFzPCZiWimJE0OOA==",
      "requires": {
        "@webassemblyjs/wast-printer": "1.7.5"
      },
      "dependencies": {
        "@webassemblyjs/helper-fsm": {
          "version": "1.7.5",
          "resolved": "https://registry.npmjs.org/@webassemblyjs/helper-fsm/-/helper-fsm-1.7.5.tgz",
          "integrity": "sha512-9DmWWQEC0s/NEZJWbnPgbP+KQwIFQ7PCe99nizHjyPw1K9IeXea/DGmqrE+bA7Ac4TyyU7tpdRo+DyxUsSzFxw=="
        },
        "@webassemblyjs/wast-parser": {
          "version": "1.7.5",
          "resolved": "https://registry.npmjs.org/@webassemblyjs/wast-parser/-/wast-parser-1.7.5.tgz",
          "integrity": "sha512-m9NTBYM3W+WNLb08AZPOG5gN0AamjRkghqHkJXvWNC4ct4sTuhlsBwzwzZdkB2tHD7hp036Ogt8P2JfMSlMutg==",
          "requires": {
            "@webassemblyjs/ast": "1.7.5",
            "@webassemblyjs/floating-point-hex-parser": "1.7.5",
            "@webassemblyjs/helper-api-error": "1.7.5",
            "@webassemblyjs/helper-code-frame": "1.7.5",
            "@webassemblyjs/helper-fsm": "1.7.5",
            "@xtuc/long": "4.2.1",
            "mamacro": "0.0.3"
          }
        },
        "@webassemblyjs/wast-printer": {
          "version": "1.7.5",
          "resolved": "https://registry.npmjs.org/@webassemblyjs/wast-printer/-/wast-printer-1.7.5.tgz",
          "integrity": "sha512-V5oz/QGFnjDOYXbmY0SAkXqKTMgiHYPmmVQtyEpdajkL+xrRNdasOCBCZR/Bl3KXX+R++VE3jVWgzA6zVcfNaQ==",
          "requires": {
            "@webassemblyjs/ast": "1.7.5",
            "@webassemblyjs/wast-parser": "1.7.5",
            "@xtuc/long": "4.2.1"
          }
        }
      }
    },
    "@webassemblyjs/helper-fsm": {
      "version": "1.4.3",
      "resolved": "https://registry.npmjs.org/@webassemblyjs/helper-fsm/-/helper-fsm-1.4.3.tgz",
      "integrity": "sha512-JINY76U+702IRf7ePukOt037RwmtH59JHvcdWbTTyHi18ixmQ+uOuNhcdCcQHTquDAH35/QgFlp3Y9KqtyJsCQ=="
    },
    "@webassemblyjs/helper-module-context": {
      "version": "1.7.5",
      "resolved": "https://registry.npmjs.org/@webassemblyjs/helper-module-context/-/helper-module-context-1.7.5.tgz",
      "integrity": "sha512-x8175u06phaGDnk9LTibaTwfmlEaV+WJyPzvdKinL8WDEcK3VT19cR0ipi1tH2Hfzeb3D5oTwSLK4d1U+ugQUg==",
      "requires": {
        "mamacro": "0.0.3"
      }
    },
    "@webassemblyjs/helper-wasm-bytecode": {
      "version": "1.4.3",
      "resolved": "https://registry.npmjs.org/@webassemblyjs/helper-wasm-bytecode/-/helper-wasm-bytecode-1.4.3.tgz",
      "integrity": "sha512-I7bS+HaO0K07Io89qhJv+z1QipTpuramGwUSDkwEaficbSvCcL92CUZEtgykfNtk5wb0CoLQwWlmXTwGbNZUeQ=="
    },
    "@webassemblyjs/leb128": {
      "version": "1.4.3",
      "resolved": "https://registry.npmjs.org/@webassemblyjs/leb128/-/leb128-1.4.3.tgz",
      "integrity": "sha512-4u0LJLSPzuRDWHwdqsrThYn+WqMFVqbI2ltNrHvZZkzFPO8XOZ0HFQ5eVc4jY/TNHgXcnwrHjONhPGYuuf//KQ==",
      "requires": {
        "leb": "0.3.0"
      }
    },
    "@webassemblyjs/validation": {
      "version": "1.4.3",
      "resolved": "https://registry.npmjs.org/@webassemblyjs/validation/-/validation-1.4.3.tgz",
      "integrity": "sha512-R+rRMKfhd9mq0rj2mhU9A9NKI2l/Rw65vIYzz4lui7eTKPcCu1l7iZNi4b9Gen8D42Sqh/KGiaQNk/x5Tn/iBQ==",
      "requires": {
        "@webassemblyjs/ast": "1.4.3"
      },
      "dependencies": {
        "@webassemblyjs/ast": {
          "version": "1.4.3",
          "resolved": "https://registry.npmjs.org/@webassemblyjs/ast/-/ast-1.4.3.tgz",
          "integrity": "sha512-S6npYhPcTHDYe9nlsKa9CyWByFi8Vj8HovcAgtmMAQZUOczOZbQ8CnwMYKYC5HEZzxEE+oY0jfQk4cVlI3J59Q==",
          "requires": {
            "@webassemblyjs/helper-wasm-bytecode": "1.4.3",
            "@webassemblyjs/wast-parser": "1.4.3",
            "debug": "3.1.0",
            "webassemblyjs": "1.4.3"
          }
        }
      }
    },
    "@webassemblyjs/wasm-parser": {
      "version": "1.4.3",
      "resolved": "https://registry.npmjs.org/@webassemblyjs/wasm-parser/-/wasm-parser-1.4.3.tgz",
      "integrity": "sha512-KXBjtlwA3BVukR/yWHC9GF+SCzBcgj0a7lm92kTOaa4cbjaTaa47bCjXw6cX4SGQpkncB9PU2hHGYVyyI7wFRg==",
      "requires": {
        "@webassemblyjs/ast": "1.4.3",
        "@webassemblyjs/helper-wasm-bytecode": "1.4.3",
        "@webassemblyjs/leb128": "1.4.3",
        "@webassemblyjs/wasm-parser": "1.4.3",
        "webassemblyjs": "1.4.3"
      },
      "dependencies": {
        "@webassemblyjs/ast": {
          "version": "1.4.3",
          "resolved": "https://registry.npmjs.org/@webassemblyjs/ast/-/ast-1.4.3.tgz",
          "integrity": "sha512-S6npYhPcTHDYe9nlsKa9CyWByFi8Vj8HovcAgtmMAQZUOczOZbQ8CnwMYKYC5HEZzxEE+oY0jfQk4cVlI3J59Q==",
          "requires": {
            "@webassemblyjs/helper-wasm-bytecode": "1.4.3",
            "@webassemblyjs/wast-parser": "1.4.3",
            "debug": "3.1.0",
            "webassemblyjs": "1.4.3"
          }
        }
      }
    },
    "@webassemblyjs/wast-parser": {
      "version": "1.4.3",
      "resolved": "https://registry.npmjs.org/@webassemblyjs/wast-parser/-/wast-parser-1.4.3.tgz",
      "integrity": "sha512-QhCsQzqV0CpsEkRYyTzQDilCNUZ+5j92f+g35bHHNqS22FppNTywNFfHPq8ZWZfYCgbectc+PoghD+xfzVFh1Q==",
      "requires": {
        "@webassemblyjs/ast": "1.4.3",
        "@webassemblyjs/floating-point-hex-parser": "1.4.3",
        "@webassemblyjs/helper-code-frame": "1.4.3",
        "@webassemblyjs/helper-fsm": "1.4.3",
        "long": "3.2.0",
        "webassemblyjs": "1.4.3"
      },
      "dependencies": {
        "@webassemblyjs/ast": {
          "version": "1.4.3",
          "resolved": "https://registry.npmjs.org/@webassemblyjs/ast/-/ast-1.4.3.tgz",
          "integrity": "sha512-S6npYhPcTHDYe9nlsKa9CyWByFi8Vj8HovcAgtmMAQZUOczOZbQ8CnwMYKYC5HEZzxEE+oY0jfQk4cVlI3J59Q==",
          "requires": {
            "@webassemblyjs/helper-wasm-bytecode": "1.4.3",
            "@webassemblyjs/wast-parser": "1.4.3",
            "debug": "3.1.0",
            "webassemblyjs": "1.4.3"
          }
        },
        "@webassemblyjs/floating-point-hex-parser": {
          "version": "1.4.3",
          "resolved": "https://registry.npmjs.org/@webassemblyjs/floating-point-hex-parser/-/floating-point-hex-parser-1.4.3.tgz",
          "integrity": "sha512-3zTkSFswwZOPNHnzkP9ONq4bjJSeKVMcuahGXubrlLmZP8fmTIJ58dW7h/zOVWiFSuG2em3/HH3BlCN7wyu9Rw=="
        },
        "@webassemblyjs/helper-code-frame": {
          "version": "1.4.3",
          "resolved": "https://registry.npmjs.org/@webassemblyjs/helper-code-frame/-/helper-code-frame-1.4.3.tgz",
          "integrity": "sha512-9FgHEtNsZQYaKrGCtsjswBil48Qp1agrzRcPzCbQloCoaTbOXLJ9IRmqT+uEZbenpULLRNFugz3I4uw18hJM8w==",
          "requires": {
            "@webassemblyjs/wast-printer": "1.4.3"
          }
        }
      }
    },
    "@webassemblyjs/wast-printer": {
      "version": "1.4.3",
      "resolved": "https://registry.npmjs.org/@webassemblyjs/wast-printer/-/wast-printer-1.4.3.tgz",
      "integrity": "sha512-EgXk4anf8jKmuZJsqD8qy5bz2frEQhBvZruv+bqwNoLWUItjNSFygk8ywL3JTEz9KtxTlAmqTXNrdD1d9gNDtg==",
      "requires": {
        "@webassemblyjs/ast": "1.4.3",
        "@webassemblyjs/wast-parser": "1.4.3",
        "long": "3.2.0"
      },
      "dependencies": {
        "@webassemblyjs/ast": {
          "version": "1.4.3",
          "resolved": "https://registry.npmjs.org/@webassemblyjs/ast/-/ast-1.4.3.tgz",
          "integrity": "sha512-S6npYhPcTHDYe9nlsKa9CyWByFi8Vj8HovcAgtmMAQZUOczOZbQ8CnwMYKYC5HEZzxEE+oY0jfQk4cVlI3J59Q==",
          "requires": {
            "@webassemblyjs/helper-wasm-bytecode": "1.4.3",
            "@webassemblyjs/wast-parser": "1.4.3",
            "debug": "3.1.0",
            "webassemblyjs": "1.4.3"
          }
        }
      }
    },
    "@xtuc/long": {
      "version": "4.2.1",
      "resolved": "https://registry.npmjs.org/@xtuc/long/-/long-4.2.1.tgz",
      "integrity": "sha512-FZdkNBDqBRHKQ2MEbSC17xnPFOhZxeJ2YGSfr2BKf3sujG49Qe3bB+rGCwQfIaA7WHnGeGkSijX4FuBCdrzW/g=="
    },
    "d": {
      "version": "1.0.0",
      "resolved": "https://registry.npmjs.org/d/-/d-1.0.0.tgz",
      "integrity": "sha1-dUu1v+VUUdpppYuU1F9MWwRi1Y8=",
      "requires": {
        "es5-ext": "0.10.45"
      }
    },
    "debug": {
      "version": "3.1.0",
      "resolved": "https://registry.npmjs.org/debug/-/debug-3.1.0.tgz",
      "integrity": "sha512-OX8XqP7/1a9cqkxYw2yXss15f26NKWBpDXQd0/uK/KPqdQhxbPa994hnzjcE2VqQpDslf55723cKPUOGSmMY3g==",
      "requires": {
        "ms": "2.0.0"
      }
    },
    "es5-ext": {
      "version": "0.10.45",
      "resolved": "https://registry.npmjs.org/es5-ext/-/es5-ext-0.10.45.tgz",
      "integrity": "sha512-FkfM6Vxxfmztilbxxz5UKSD4ICMf5tSpRFtDNtkAhOxZ0EKtX6qwmXNyH/sFyIbX2P/nU5AMiA9jilWsUGJzCQ==",
      "requires": {
        "es6-iterator": "2.0.3",
        "es6-symbol": "3.1.1",
        "next-tick": "1.0.0"
      }
    },
    "es6-iterator": {
      "version": "2.0.3",
      "resolved": "https://registry.npmjs.org/es6-iterator/-/es6-iterator-2.0.3.tgz",
      "integrity": "sha1-p96IkUGgWpSwhUQDstCg+/qY87c=",
      "requires": {
        "d": "1.0.0",
        "es5-ext": "0.10.45",
        "es6-symbol": "3.1.1"
      }
    },
    "es6-symbol": {
      "version": "3.1.1",
      "resolved": "https://registry.npmjs.org/es6-symbol/-/es6-symbol-3.1.1.tgz",
      "integrity": "sha1-vwDvT9q2uhtG7Le2KbTH7VcVzHc=",
      "requires": {
        "d": "1.0.0",
        "es5-ext": "0.10.45"
      }
    },
    "leb": {
      "version": "0.3.0",
      "resolved": "https://registry.npmjs.org/leb/-/leb-0.3.0.tgz",
      "integrity": "sha1-Mr7p+tFoMo1q6oUi2DP0GA7tHaM="
    },
    "long": {
      "version": "3.2.0",
      "resolved": "https://registry.npmjs.org/long/-/long-3.2.0.tgz",
      "integrity": "sha1-2CG3E4yhy1gcFymQ7xTbIAtcR0s="
    },
    "mamacro": {
      "version": "0.0.3",
      "resolved": "https://registry.npmjs.org/mamacro/-/mamacro-0.0.3.tgz",
      "integrity": "sha512-qMEwh+UujcQ+kbz3T6V+wAmO2U8veoq2w+3wY8MquqwVA3jChfwY+Tk52GZKDfACEPjuZ7r2oJLejwpt8jtwTA=="
    },
    "ms": {
      "version": "2.0.0",
      "resolved": "https://registry.npmjs.org/ms/-/ms-2.0.0.tgz",
      "integrity": "sha1-VgiurfwAvmwpAd9fmGF4jeDVl8g="
    },
    "next-tick": {
      "version": "1.0.0",
      "resolved": "https://registry.npmjs.org/next-tick/-/next-tick-1.0.0.tgz",
      "integrity": "sha1-yobR/ogoFpsBICCOPchCS524NCw="
    },
    "webassemblyjs": {
      "version": "1.4.3",
      "resolved": "https://registry.npmjs.org/webassemblyjs/-/webassemblyjs-1.4.3.tgz",
      "integrity": "sha512-4lOV1Lv6olz0PJkDGQEp82HempAn147e6BXijWDzz9g7/2nSebVP9GVg62Fz5ZAs55mxq13GA0XLyvY8XkyDjg==",
      "requires": {
        "@webassemblyjs/ast": "1.4.3",
        "@webassemblyjs/validation": "1.4.3",
        "@webassemblyjs/wasm-parser": "1.4.3",
        "@webassemblyjs/wast-parser": "1.4.3",
        "long": "3.2.0"
      },
      "dependencies": {
        "@webassemblyjs/ast": {
          "version": "1.4.3",
          "resolved": "https://registry.npmjs.org/@webassemblyjs/ast/-/ast-1.4.3.tgz",
          "integrity": "sha512-S6npYhPcTHDYe9nlsKa9CyWByFi8Vj8HovcAgtmMAQZUOczOZbQ8CnwMYKYC5HEZzxEE+oY0jfQk4cVlI3J59Q==",
          "requires": {
            "@webassemblyjs/helper-wasm-bytecode": "1.4.3",
            "@webassemblyjs/wast-parser": "1.4.3",
            "debug": "3.1.0",
            "webassemblyjs": "1.4.3"
          }
        }
      }
    }
  }
}
